
Microsoft Visual Studio Solution File, Format Version 12.00
# Visual Studio Version 17
VisualStudioVersion = 17.0.31903.59
MinimumVisualStudioVersion = 10.0.40219.1
Project("{2150E333-8FDC-42A3-9474-1A3956D46DE8}") = "src", "src", "{827E0CD3-B72D-47B6-A68D-7590B98EB39B}"
EndProject
Project("{FAE04EC0-301F-11D3-BF4B-00C04F79EFBC}") = "DNAustria.Domain", "src\DNAustria.Domain\DNAustria.Domain.csproj", "{A23737A9-C32C-4861-941C-486134630AFB}"
EndProject
Project("{FAE04EC0-301F-11D3-BF4B-00C04F79EFBC}") = "DNAustria.Application", "src\DNAustria.Application\DNAustria.Application.csproj", "{5DCD2CF3-F05D-4189-938A-CC778F186158}"
EndProject
Project("{FAE04EC0-301F-11D3-BF4B-00C04F79EFBC}") = "DNAustria.Infrastructure", "src\DNAustria.Infrastructure\DNAustria.Infrastructure.csproj", "{1487E5F0-6F04-4BA1-9ED7-18AB81DADB6F}"
EndProject
Project("{FAE04EC0-301F-11D3-BF4B-00C04F79EFBC}") = "DNAustria.Api", "src\DNAustria.Api\DNAustria.Api.csproj", "{BEBE76D5-1ED0-4E55-B011-FA68F3E92DD3}"
EndProject
Project("{2150E333-8FDC-42A3-9474-1A3956D46DE8}") = "tests", "tests", "{0AB3BF05-4346-4AA6-1389-037BE0695223}"
EndProject
Project("{FAE04EC0-301F-11D3-BF4B-00C04F79EFBC}") = "DNAustria.Api.Tests", "tests\DNAustria.Api.Tests\DNAustria.Api.Tests.csproj", "{B69540AC-D525-46D6-AD15-4D6F67086521}"
EndProject
Global
	GlobalSection(SolutionConfigurationPlatforms) = preSolution
		Debug|Any CPU = Debug|Any CPU
		Debug|x64 = Debug|x64
		Debug|x86 = Debug|x86
		Release|Any CPU = Release|Any CPU
		Release|x64 = Release|x64
		Release|x86 = Release|x86
	EndGlobalSection
	GlobalSection(ProjectConfigurationPlatforms) = postSolution
		{A23737A9-C32C-4861-941C-486134630AFB}.Debug|Any CPU.ActiveCfg = Debug|Any CPU
		{A23737A9-C32C-4861-941C-486134630AFB}.Debug|Any CPU.Build.0 = Debug|Any CPU
		{A23737A9-C32C-4861-941C-486134630AFB}.Debug|x64.ActiveCfg = Debug|Any CPU
		{A23737A9-C32C-4861-941C-486134630AFB}.Debug|x64.Build.0 = Debug|Any CPU
		{A23737A9-C32C-4861-941C-486134630AFB}.Debug|x86.ActiveCfg = Debug|Any CPU
		{A23737A9-C32C-4861-941C-486134630AFB}.Debug|x86.Build.0 = Debug|Any CPU
		{A23737A9-C32C-4861-941C-486134630AFB}.Release|Any CPU.ActiveCfg = Release|Any CPU
		{A23737A9-C32C-4861-941C-486134630AFB}.Release|Any CPU.Build.0 = Release|Any CPU
		{A23737A9-C32C-4861-941C-486134630AFB}.Release|x64.ActiveCfg = Release|Any CPU
		{A23737A9-C32C-4861-941C-486134630AFB}.Release|x64.Build.0 = Release|Any CPU
		{A23737A9-C32C-4861-941C-486134630AFB}.Release|x86.ActiveCfg = Release|Any CPU
		{A23737A9-C32C-4861-941C-486134630AFB}.Release|x86.Build.0 = Release|Any CPU
		{5DCD2CF3-F05D-4189-938A-CC778F186158}.Debug|Any CPU.ActiveCfg = Debug|Any CPU
		{5DCD2CF3-F05D-4189-938A-CC778F186158}.Debug|Any CPU.Build.0 = Debug|Any CPU
		{5DCD2CF3-F05D-4189-938A-CC778F186158}.Debug|x64.ActiveCfg = Debug|Any CPU
		{5DCD2CF3-F05D-4189-938A-CC778F186158}.Debug|x64.Build.0 = Debug|Any CPU
		{5DCD2CF3-F05D-4189-938A-CC778F186158}.Debug|x86.ActiveCfg = Debug|Any CPU
		{5DCD2CF3-F05D-4189-938A-CC778F186158}.Debug|x86.Build.0 = Debug|Any CPU
		{5DCD2CF3-F05D-4189-938A-CC778F186158}.Release|Any CPU.ActiveCfg = Release|Any CPU
		{5DCD2CF3-F05D-4189-938A-CC778F186158}.Release|Any CPU.Build.0 = Release|Any CPU
		{5DCD2CF3-F05D-4189-938A-CC778F186158}.Release|x64.ActiveCfg = Release|Any CPU
		{5DCD2CF3-F05D-4189-938A-CC778F186158}.Release|x64.Build.0 = Release|Any CPU
		{5DCD2CF3-F05D-4189-938A-CC778F186158}.Release|x86.ActiveCfg = Release|Any CPU
		{5DCD2CF3-F05D-4189-938A-CC778F186158}.Release|x86.Build.0 = Release|Any CPU
		{1487E5F0-6F04-4BA1-9ED7-18AB81DADB6F}.Debug|Any CPU.ActiveCfg = Debug|Any CPU
		{1487E5F0-6F04-4BA1-9ED7-18AB81DADB6F}.Debug|Any CPU.Build.0 = Debug|Any CPU
		{1487E5F0-6F04-4BA1-9ED7-18AB81DADB6F}.Debug|x64.ActiveCfg = Debug|Any CPU
		{1487E5F0-6F04-4BA1-9ED7-18AB81DADB6F}.Debug|x64.Build.0 = Debug|Any CPU
		{1487E5F0-6F04-4BA1-9ED7-18AB81DADB6F}.Debug|x86.ActiveCfg = Debug|Any CPU
		{1487E5F0-6F04-4BA1-9ED7-18AB81DADB6F}.Debug|x86.Build.0 = Debug|Any CPU
		{1487E5F0-6F04-4BA1-9ED7-18AB81DADB6F}.Release|Any CPU.ActiveCfg = Release|Any CPU
		{1487E5F0-6F04-4BA1-9ED7-18AB81DADB6F}.Release|Any CPU.Build.0 = Release|Any CPU
		{1487E5F0-6F04-4BA1-9ED7-18AB81DADB6F}.Release|x64.ActiveCfg = Release|Any CPU
		{1487E5F0-6F04-4BA1-9ED7-18AB81DADB6F}.Release|x64.Build.0 = Release|Any CPU
		{1487E5F0-6F04-4BA1-9ED7-18AB81DADB6F}.Release|x86.ActiveCfg = Release|Any CPU
		{1487E5F0-6F04-4BA1-9ED7-18AB81DADB6F}.Release|x86.Build.0 = Release|Any CPU
		{BEBE76D5-1ED0-4E55-B011-FA68F3E92DD3}.Debug|Any CPU.ActiveCfg = Debug|Any CPU
		{BEBE76D5-1ED0-4E55-B011-FA68F3E92DD3}.Debug|Any CPU.Build.0 = Debug|Any CPU
		{BEBE76D5-1ED0-4E55-B011-FA68F3E92DD3}.Debug|x64.ActiveCfg = Debug|Any CPU
		{BEBE76D5-1ED0-4E55-B011-FA68F3E92DD3}.Debug|x64.Build.0 = Debug|Any CPU
		{BEBE76D5-1ED0-4E55-B011-FA68F3E92DD3}.Debug|x86.ActiveCfg = Debug|Any CPU
		{BEBE76D5-1ED0-4E55-B011-FA68F3E92DD3}.Debug|x86.Build.0 = Debug|Any CPU
		{BEBE76D5-1ED0-4E55-B011-FA68F3E92DD3}.Release|Any CPU.ActiveCfg = Release|Any CPU
		{BEBE76D5-1ED0-4E55-B011-FA68F3E92DD3}.Release|Any CPU.Build.0 = Release|Any CPU
		{BEBE76D5-1ED0-4E55-B011-FA68F3E92DD3}.Release|x64.ActiveCfg = Release|Any CPU
		{BEBE76D5-1ED0-4E55-B011-FA68F3E92DD3}.Release|x64.Build.0 = Release|Any CPU
		{BEBE76D5-1ED0-4E55-B011-FA68F3E92DD3}.Release|x86.ActiveCfg = Release|Any CPU
		{BEBE76D5-1ED0-4E55-B011-FA68F3E92DD3}.Release|x86.Build.0 = Release|Any CPU
		{B69540AC-D525-46D6-AD15-4D6F67086521}.Debug|Any CPU.ActiveCfg = Debug|Any CPU
		{B69540AC-D525-46D6-AD15-4D6F67086521}.Debug|Any CPU.Build.0 = Debug|Any CPU
		{B69540AC-D525-46D6-AD15-4D6F67086521}.Debug|x64.ActiveCfg = Debug|Any CPU
		{B69540AC-D525-46D6-AD15-4D6F67086521}.Debug|x64.Build.0 = Debug|Any CPU
		{B69540AC-D525-46D6-AD15-4D6F67086521}.Debug|x86.ActiveCfg = Debug|Any CPU
		{B69540AC-D525-46D6-AD15-4D6F67086521}.Debug|x86.Build.0 = Debug|Any CPU
		{B69540AC-D525-46D6-AD15-4D6F67086521}.Release|Any CPU.ActiveCfg = Release|Any CPU
		{B69540AC-D525-46D6-AD15-4D6F67086521}.Release|Any CPU.Build.0 = Release|Any CPU
		{B69540AC-D525-46D6-AD15-4D6F67086521}.Release|x64.ActiveCfg = Release|Any CPU
		{B69540AC-D525-46D6-AD15-4D6F67086521}.Release|x64.Build.0 = Release|Any CPU
		{B69540AC-D525-46D6-AD15-4D6F67086521}.Release|x86.ActiveCfg = Release|Any CPU
		{B69540AC-D525-46D6-AD15-4D6F67086521}.Release|x86.Build.0 = Release|Any CPU
	EndGlobalSection
	GlobalSection(SolutionProperties) = preSolution
		HideSolutionNode = FALSE
	EndGlobalSection
	GlobalSection(NestedProjects) = preSolution
		{A23737A9-C32C-4861-941C-486134630AFB} = {827E0CD3-B72D-47B6-A68D-7590B98EB39B}
		{5DCD2CF3-F05D-4189-938A-CC778F186158} = {827E0CD3-B72D-47B6-A68D-7590B98EB39B}
		{1487E5F0-6F04-4BA1-9ED7-18AB81DADB6F} = {827E0CD3-B72D-47B6-A68D-7590B98EB39B}
		{BEBE76D5-1ED0-4E55-B011-FA68F3E92DD3} = {827E0CD3-B72D-47B6-A68D-7590B98EB39B}
		{B69540AC-D525-46D6-AD15-4D6F67086521} = {0AB3BF05-4346-4AA6-1389-037BE0695223}
	EndGlobalSection
EndGlobal
