
Microsoft Visual Studio Solution File, Format Version 12.00
# Visual Studio Version 17
VisualStudioVersion = 17.0.31903.59
MinimumVisualStudioVersion = 10.0.40219.1
Project("{2150E333-8FDC-42A3-9474-1A3956D46DE8}") = "src", "src", "{827E0CD3-B72D-47B6-A68D-7590B98EB39B}"
EndProject
Project("{FAE04EC0-301F-11D3-BF4B-00C04F79EFBC}") = "DNAustria.Domain", "src\DNAustria.Domain\DNAustria.Domain.csproj", "{556A037E-29E8-42B3-A345-55D4F3127E80}"
EndProject
Project("{FAE04EC0-301F-11D3-BF4B-00C04F79EFBC}") = "DNAustria.Application", "src\DNAustria.Application\DNAustria.Application.csproj", "{4A370519-7999-458D-ADE7-49EAD05A81BD}"
EndProject
Project("{FAE04EC0-301F-11D3-BF4B-00C04F79EFBC}") = "DNAustria.Infrastructure", "src\DNAustria.Infrastructure\DNAustria.Infrastructure.csproj", "{FC66D1D8-0C50-41B8-8823-360B53144D9F}"
EndProject
Project("{FAE04EC0-301F-11D3-BF4B-00C04F79EFBC}") = "DNAustria.Api", "src\DNAustria.Api\DNAustria.Api.csproj", "{FCCFCD4C-ED7E-4EE7-8E04-77A6BF878E04}"
EndProject
Project("{2150E333-8FDC-42A3-9474-1A3956D46DE8}") = "tests", "tests", "{0AB3BF05-4346-4AA6-1389-037BE0695223}"
EndProject
Project("{FAE04EC0-301F-11D3-BF4B-00C04F79EFBC}") = "DNAustria.Api.Tests", "tests\DNAustria.Api.Tests\DNAustria.Api.Tests.csproj", "{D01AC8CB-52C8-4DCA-BC76-5775C73D9B27}"
EndProject
Global
	GlobalSection(SolutionConfigurationPlatforms) = preSolution
		Debug|Any CPU = Debug|Any CPU
		Debug|x64 = Debug|x64
		Debug|x86 = Debug|x86
		Release|Any CPU = Release|Any CPU
		Release|x64 = Release|x64
		Release|x86 = Release|x86
	EndGlobalSection
	GlobalSection(ProjectConfigurationPlatforms) = postSolution
		{556A037E-29E8-42B3-A345-55D4F3127E80}.Debug|Any CPU.ActiveCfg = Debug|Any CPU
		{556A037E-29E8-42B3-A345-55D4F3127E80}.Debug|Any CPU.Build.0 = Debug|Any CPU
		{556A037E-29E8-42B3-A345-55D4F3127E80}.Debug|x64.ActiveCfg = Debug|Any CPU
		{556A037E-29E8-42B3-A345-55D4F3127E80}.Debug|x64.Build.0 = Debug|Any CPU
		{556A037E-29E8-42B3-A345-55D4F3127E80}.Debug|x86.ActiveCfg = Debug|Any CPU
		{556A037E-29E8-42B3-A345-55D4F3127E80}.Debug|x86.Build.0 = Debug|Any CPU
		{556A037E-29E8-42B3-A345-55D4F3127E80}.Release|Any CPU.ActiveCfg = Release|Any CPU
		{556A037E-29E8-42B3-A345-55D4F3127E80}.Release|Any CPU.Build.0 = Release|Any CPU
		{556A037E-29E8-42B3-A345-55D4F3127E80}.Release|x64.ActiveCfg = Release|Any CPU
		{556A037E-29E8-42B3-A345-55D4F3127E80}.Release|x64.Build.0 = Release|Any CPU
		{556A037E-29E8-42B3-A345-55D4F3127E80}.Release|x86.ActiveCfg = Release|Any CPU
		{556A037E-29E8-42B3-A345-55D4F3127E80}.Release|x86.Build.0 = Release|Any CPU
		{4A370519-7999-458D-ADE7-49EAD05A81BD}.Debug|Any CPU.ActiveCfg = Debug|Any CPU
		{4A370519-7999-458D-ADE7-49EAD05A81BD}.Debug|Any CPU.Build.0 = Debug|Any CPU
		{4A370519-7999-458D-ADE7-49EAD05A81BD}.Debug|x64.ActiveCfg = Debug|Any CPU
		{4A370519-7999-458D-ADE7-49EAD05A81BD}.Debug|x64.Build.0 = Debug|Any CPU
		{4A370519-7999-458D-ADE7-49EAD05A81BD}.Debug|x86.ActiveCfg = Debug|Any CPU
		{4A370519-7999-458D-ADE7-49EAD05A81BD}.Debug|x86.Build.0 = Debug|Any CPU
		{4A370519-7999-458D-ADE7-49EAD05A81BD}.Release|Any CPU.ActiveCfg = Release|Any CPU
		{4A370519-7999-458D-ADE7-49EAD05A81BD}.Release|Any CPU.Build.0 = Release|Any CPU
		{4A370519-7999-458D-ADE7-49EAD05A81BD}.Release|x64.ActiveCfg = Release|Any CPU
		{4A370519-7999-458D-ADE7-49EAD05A81BD}.Release|x64.Build.0 = Release|Any CPU
		{4A370519-7999-458D-ADE7-49EAD05A81BD}.Release|x86.ActiveCfg = Release|Any CPU
		{4A370519-7999-458D-ADE7-49EAD05A81BD}.Release|x86.Build.0 = Release|Any CPU
		{FC66D1D8-0C50-41B8-8823-360B53144D9F}.Debug|Any CPU.ActiveCfg = Debug|Any CPU
		{FC66D1D8-0C50-41B8-8823-360B53144D9F}.Debug|Any CPU.Build.0 = Debug|Any CPU
		{FC66D1D8-0C50-41B8-8823-360B53144D9F}.Debug|x64.ActiveCfg = Debug|Any CPU
		{FC66D1D8-0C50-41B8-8823-360B53144D9F}.Debug|x64.Build.0 = Debug|Any CPU
		{FC66D1D8-0C50-41B8-8823-360B53144D9F}.Debug|x86.ActiveCfg = Debug|Any CPU
		{FC66D1D8-0C50-41B8-8823-360B53144D9F}.Debug|x86.Build.0 = Debug|Any CPU
		{FC66D1D8-0C50-41B8-8823-360B53144D9F}.Release|Any CPU.ActiveCfg = Release|Any CPU
		{FC66D1D8-0C50-41B8-8823-360B53144D9F}.Release|Any CPU.Build.0 = Release|Any CPU
		{FC66D1D8-0C50-41B8-8823-360B53144D9F}.Release|x64.ActiveCfg = Release|Any CPU
		{FC66D1D8-0C50-41B8-8823-360B53144D9F}.Release|x64.Build.0 = Release|Any CPU
		{FC66D1D8-0C50-41B8-8823-360B53144D9F}.Release|x86.ActiveCfg = Release|Any CPU
		{FC66D1D8-0C50-41B8-8823-360B53144D9F}.Release|x86.Build.0 = Release|Any CPU
		{FCCFCD4C-ED7E-4EE7-8E04-77A6BF878E04}.Debug|Any CPU.ActiveCfg = Debug|Any CPU
		{FCCFCD4C-ED7E-4EE7-8E04-77A6BF878E04}.Debug|Any CPU.Build.0 = Debug|Any CPU
		{FCCFCD4C-ED7E-4EE7-8E04-77A6BF878E04}.Debug|x64.ActiveCfg = Debug|Any CPU
		{FCCFCD4C-ED7E-4EE7-8E04-77A6BF878E04}.Debug|x64.Build.0 = Debug|Any CPU
		{FCCFCD4C-ED7E-4EE7-8E04-77A6BF878E04}.Debug|x86.ActiveCfg = Debug|Any CPU
		{FCCFCD4C-ED7E-4EE7-8E04-77A6BF878E04}.Debug|x86.Build.0 = Debug|Any CPU
		{FCCFCD4C-ED7E-4EE7-8E04-77A6BF878E04}.Release|Any CPU.ActiveCfg = Release|Any CPU
		{FCCFCD4C-ED7E-4EE7-8E04-77A6BF878E04}.Release|Any CPU.Build.0 = Release|Any CPU
		{FCCFCD4C-ED7E-4EE7-8E04-77A6BF878E04}.Release|x64.ActiveCfg = Release|Any CPU
		{FCCFCD4C-ED7E-4EE7-8E04-77A6BF878E04}.Release|x64.Build.0 = Release|Any CPU
		{FCCFCD4C-ED7E-4EE7-8E04-77A6BF878E04}.Release|x86.ActiveCfg = Release|Any CPU
		{FCCFCD4C-ED7E-4EE7-8E04-77A6BF878E04}.Release|x86.Build.0 = Release|Any CPU
		{D01AC8CB-52C8-4DCA-BC76-5775C73D9B27}.Debug|Any CPU.ActiveCfg = Debug|Any CPU
		{D01AC8CB-52C8-4DCA-BC76-5775C73D9B27}.Debug|Any CPU.Build.0 = Debug|Any CPU
		{D01AC8CB-52C8-4DCA-BC76-5775C73D9B27}.Debug|x64.ActiveCfg = Debug|Any CPU
		{D01AC8CB-52C8-4DCA-BC76-5775C73D9B27}.Debug|x64.Build.0 = Debug|Any CPU
		{D01AC8CB-52C8-4DCA-BC76-5775C73D9B27}.Debug|x86.ActiveCfg = Debug|Any CPU
		{D01AC8CB-52C8-4DCA-BC76-5775C73D9B27}.Debug|x86.Build.0 = Debug|Any CPU
		{D01AC8CB-52C8-4DCA-BC76-5775C73D9B27}.Release|Any CPU.ActiveCfg = Release|Any CPU
		{D01AC8CB-52C8-4DCA-BC76-5775C73D9B27}.Release|Any CPU.Build.0 = Release|Any CPU
		{D01AC8CB-52C8-4DCA-BC76-5775C73D9B27}.Release|x64.ActiveCfg = Release|Any CPU
		{D01AC8CB-52C8-4DCA-BC76-5775C73D9B27}.Release|x64.Build.0 = Release|Any CPU
		{D01AC8CB-52C8-4DCA-BC76-5775C73D9B27}.Release|x86.ActiveCfg = Release|Any CPU
		{D01AC8CB-52C8-4DCA-BC76-5775C73D9B27}.Release|x86.Build.0 = Release|Any CPU
	EndGlobalSection
	GlobalSection(SolutionProperties) = preSolution
		HideSolutionNode = FALSE
	EndGlobalSection
	GlobalSection(NestedProjects) = preSolution
		{556A037E-29E8-42B3-A345-55D4F3127E80} = {827E0CD3-B72D-47B6-A68D-7590B98EB39B}
		{4A370519-7999-458D-ADE7-49EAD05A81BD} = {827E0CD3-B72D-47B6-A68D-7590B98EB39B}
		{FC66D1D8-0C50-41B8-8823-360B53144D9F} = {827E0CD3-B72D-47B6-A68D-7590B98EB39B}
		{FCCFCD4C-ED7E-4EE7-8E04-77A6BF878E04} = {827E0CD3-B72D-47B6-A68D-7590B98EB39B}
		{D01AC8CB-52C8-4DCA-BC76-5775C73D9B27} = {0AB3BF05-4346-4AA6-1389-037BE0695223}
	EndGlobalSection
EndGlobal
